
Microsoft Visual Studio Solution File, Format Version 12.00
# Visual Studio Version 17
VisualStudioVersion = 17.0.31903.59
MinimumVisualStudioVersion = 10.0.40219.1
Project("{FAE04EC0-301F-11D3-BF4B-00C04F79EFBC}") = "Company", "Company\Company.csproj", "{09F926C7-CA4C-487B-9A4E-701B62F2B868}"
EndProject
Project("{FAE04EC0-301F-11D3-BF4B-00C04F79EFBC}") = "Contracts", "Contracts\Contracts.csproj", "{E4EF6AE2-2259-43E7-8522-A889E284AE41}"
EndProject
Project("{FAE04EC0-301F-11D3-BF4B-00C04F79EFBC}") = "LoggerService", "LoggerService\LoggerService.csproj", "{89F5841B-CAD8-405C-985A-27A244DDFD81}"
EndProject
Project("{FAE04EC0-301F-11D3-BF4B-00C04F79EFBC}") = "Entities", "Entities\Entities.csproj", "{A881E6AE-0FFE-4834-866E-03F0C35D2ECB}"
EndProject
Project("{FAE04EC0-301F-11D3-BF4B-00C04F79EFBC}") = "Repository", "Repository\Repository.csproj", "{503D38D1-C472-4203-8F92-4FE553B2CD65}"
EndProject
Project("{FAE04EC0-301F-11D3-BF4B-00C04F79EFBC}") = "Service.Contracts", "Service.Contracts\Service.Contracts.csproj", "{0FDC2769-212B-443F-B9D5-05CA6B76F122}"
EndProject
Project("{FAE04EC0-301F-11D3-BF4B-00C04F79EFBC}") = "Service", "Service\Service.csproj", "{6C3D9ED2-426B-4493-ACD6-D4F6C34E3FEA}"
EndProject
Global
	GlobalSection(SolutionProperties) = preSolution
		HideSolutionNode = FALSE
	EndGlobalSection
	GlobalSection(SolutionConfigurationPlatforms) = preSolution
		Debug|Any CPU = Debug|Any CPU
		Debug|x64 = Debug|x64
		Debug|x86 = Debug|x86
		Release|Any CPU = Release|Any CPU
		Release|x64 = Release|x64
		Release|x86 = Release|x86
	EndGlobalSection
	GlobalSection(ProjectConfigurationPlatforms) = postSolution
		{09F926C7-CA4C-487B-9A4E-701B62F2B868}.Debug|Any CPU.ActiveCfg = Debug|Any CPU
		{09F926C7-CA4C-487B-9A4E-701B62F2B868}.Debug|Any CPU.Build.0 = Debug|Any CPU
		{09F926C7-CA4C-487B-9A4E-701B62F2B868}.Debug|x64.ActiveCfg = Debug|Any CPU
		{09F926C7-CA4C-487B-9A4E-701B62F2B868}.Debug|x64.Build.0 = Debug|Any CPU
		{09F926C7-CA4C-487B-9A4E-701B62F2B868}.Debug|x86.ActiveCfg = Debug|Any CPU
		{09F926C7-CA4C-487B-9A4E-701B62F2B868}.Debug|x86.Build.0 = Debug|Any CPU
		{09F926C7-CA4C-487B-9A4E-701B62F2B868}.Release|Any CPU.ActiveCfg = Release|Any CPU
		{09F926C7-CA4C-487B-9A4E-701B62F2B868}.Release|Any CPU.Build.0 = Release|Any CPU
		{09F926C7-CA4C-487B-9A4E-701B62F2B868}.Release|x64.ActiveCfg = Release|Any CPU
		{09F926C7-CA4C-487B-9A4E-701B62F2B868}.Release|x64.Build.0 = Release|Any CPU
		{09F926C7-CA4C-487B-9A4E-701B62F2B868}.Release|x86.ActiveCfg = Release|Any CPU
		{09F926C7-CA4C-487B-9A4E-701B62F2B868}.Release|x86.Build.0 = Release|Any CPU
		{E4EF6AE2-2259-43E7-8522-A889E284AE41}.Debug|Any CPU.ActiveCfg = Debug|Any CPU
		{E4EF6AE2-2259-43E7-8522-A889E284AE41}.Debug|Any CPU.Build.0 = Debug|Any CPU
		{E4EF6AE2-2259-43E7-8522-A889E284AE41}.Debug|x64.ActiveCfg = Debug|Any CPU
		{E4EF6AE2-2259-43E7-8522-A889E284AE41}.Debug|x64.Build.0 = Debug|Any CPU
		{E4EF6AE2-2259-43E7-8522-A889E284AE41}.Debug|x86.ActiveCfg = Debug|Any CPU
		{E4EF6AE2-2259-43E7-8522-A889E284AE41}.Debug|x86.Build.0 = Debug|Any CPU
		{E4EF6AE2-2259-43E7-8522-A889E284AE41}.Release|Any CPU.ActiveCfg = Release|Any CPU
		{E4EF6AE2-2259-43E7-8522-A889E284AE41}.Release|Any CPU.Build.0 = Release|Any CPU
		{E4EF6AE2-2259-43E7-8522-A889E284AE41}.Release|x64.ActiveCfg = Release|Any CPU
		{E4EF6AE2-2259-43E7-8522-A889E284AE41}.Release|x64.Build.0 = Release|Any CPU
		{E4EF6AE2-2259-43E7-8522-A889E284AE41}.Release|x86.ActiveCfg = Release|Any CPU
		{E4EF6AE2-2259-43E7-8522-A889E284AE41}.Release|x86.Build.0 = Release|Any CPU
		{89F5841B-CAD8-405C-985A-27A244DDFD81}.Debug|Any CPU.ActiveCfg = Debug|Any CPU
		{89F5841B-CAD8-405C-985A-27A244DDFD81}.Debug|Any CPU.Build.0 = Debug|Any CPU
		{89F5841B-CAD8-405C-985A-27A244DDFD81}.Debug|x64.ActiveCfg = Debug|Any CPU
		{89F5841B-CAD8-405C-985A-27A244DDFD81}.Debug|x64.Build.0 = Debug|Any CPU
		{89F5841B-CAD8-405C-985A-27A244DDFD81}.Debug|x86.ActiveCfg = Debug|Any CPU
		{89F5841B-CAD8-405C-985A-27A244DDFD81}.Debug|x86.Build.0 = Debug|Any CPU
		{89F5841B-CAD8-405C-985A-27A244DDFD81}.Release|Any CPU.ActiveCfg = Release|Any CPU
		{89F5841B-CAD8-405C-985A-27A244DDFD81}.Release|Any CPU.Build.0 = Release|Any CPU
		{89F5841B-CAD8-405C-985A-27A244DDFD81}.Release|x64.ActiveCfg = Release|Any CPU
		{89F5841B-CAD8-405C-985A-27A244DDFD81}.Release|x64.Build.0 = Release|Any CPU
		{89F5841B-CAD8-405C-985A-27A244DDFD81}.Release|x86.ActiveCfg = Release|Any CPU
		{89F5841B-CAD8-405C-985A-27A244DDFD81}.Release|x86.Build.0 = Release|Any CPU
		{A881E6AE-0FFE-4834-866E-03F0C35D2ECB}.Debug|Any CPU.ActiveCfg = Debug|Any CPU
		{A881E6AE-0FFE-4834-866E-03F0C35D2ECB}.Debug|Any CPU.Build.0 = Debug|Any CPU
		{A881E6AE-0FFE-4834-866E-03F0C35D2ECB}.Debug|x64.ActiveCfg = Debug|Any CPU
		{A881E6AE-0FFE-4834-866E-03F0C35D2ECB}.Debug|x64.Build.0 = Debug|Any CPU
		{A881E6AE-0FFE-4834-866E-03F0C35D2ECB}.Debug|x86.ActiveCfg = Debug|Any CPU
		{A881E6AE-0FFE-4834-866E-03F0C35D2ECB}.Debug|x86.Build.0 = Debug|Any CPU
		{A881E6AE-0FFE-4834-866E-03F0C35D2ECB}.Release|Any CPU.ActiveCfg = Release|Any CPU
		{A881E6AE-0FFE-4834-866E-03F0C35D2ECB}.Release|Any CPU.Build.0 = Release|Any CPU
		{A881E6AE-0FFE-4834-866E-03F0C35D2ECB}.Release|x64.ActiveCfg = Release|Any CPU
		{A881E6AE-0FFE-4834-866E-03F0C35D2ECB}.Release|x64.Build.0 = Release|Any CPU
		{A881E6AE-0FFE-4834-866E-03F0C35D2ECB}.Release|x86.ActiveCfg = Release|Any CPU
		{A881E6AE-0FFE-4834-866E-03F0C35D2ECB}.Release|x86.Build.0 = Release|Any CPU
		{503D38D1-C472-4203-8F92-4FE553B2CD65}.Debug|Any CPU.ActiveCfg = Debug|Any CPU
		{503D38D1-C472-4203-8F92-4FE553B2CD65}.Debug|Any CPU.Build.0 = Debug|Any CPU
		{503D38D1-C472-4203-8F92-4FE553B2CD65}.Debug|x64.ActiveCfg = Debug|Any CPU
		{503D38D1-C472-4203-8F92-4FE553B2CD65}.Debug|x64.Build.0 = Debug|Any CPU
		{503D38D1-C472-4203-8F92-4FE553B2CD65}.Debug|x86.ActiveCfg = Debug|Any CPU
		{503D38D1-C472-4203-8F92-4FE553B2CD65}.Debug|x86.Build.0 = Debug|Any CPU
		{503D38D1-C472-4203-8F92-4FE553B2CD65}.Release|Any CPU.ActiveCfg = Release|Any CPU
		{503D38D1-C472-4203-8F92-4FE553B2CD65}.Release|Any CPU.Build.0 = Release|Any CPU
		{503D38D1-C472-4203-8F92-4FE553B2CD65}.Release|x64.ActiveCfg = Release|Any CPU
		{503D38D1-C472-4203-8F92-4FE553B2CD65}.Release|x64.Build.0 = Release|Any CPU
		{503D38D1-C472-4203-8F92-4FE553B2CD65}.Release|x86.ActiveCfg = Release|Any CPU
		{503D38D1-C472-4203-8F92-4FE553B2CD65}.Release|x86.Build.0 = Release|Any CPU
		{0FDC2769-212B-443F-B9D5-05CA6B76F122}.Debug|Any CPU.ActiveCfg = Debug|Any CPU
		{0FDC2769-212B-443F-B9D5-05CA6B76F122}.Debug|Any CPU.Build.0 = Debug|Any CPU
		{0FDC2769-212B-443F-B9D5-05CA6B76F122}.Debug|x64.ActiveCfg = Debug|Any CPU
		{0FDC2769-212B-443F-B9D5-05CA6B76F122}.Debug|x64.Build.0 = Debug|Any CPU
		{0FDC2769-212B-443F-B9D5-05CA6B76F122}.Debug|x86.ActiveCfg = Debug|Any CPU
		{0FDC2769-212B-443F-B9D5-05CA6B76F122}.Debug|x86.Build.0 = Debug|Any CPU
		{0FDC2769-212B-443F-B9D5-05CA6B76F122}.Release|Any CPU.ActiveCfg = Release|Any CPU
		{0FDC2769-212B-443F-B9D5-05CA6B76F122}.Release|Any CPU.Build.0 = Release|Any CPU
		{0FDC2769-212B-443F-B9D5-05CA6B76F122}.Release|x64.ActiveCfg = Release|Any CPU
		{0FDC2769-212B-443F-B9D5-05CA6B76F122}.Release|x64.Build.0 = Release|Any CPU
		{0FDC2769-212B-443F-B9D5-05CA6B76F122}.Release|x86.ActiveCfg = Release|Any CPU
		{0FDC2769-212B-443F-B9D5-05CA6B76F122}.Release|x86.Build.0 = Release|Any CPU
		{6C3D9ED2-426B-4493-ACD6-D4F6C34E3FEA}.Debug|Any CPU.ActiveCfg = Debug|Any CPU
		{6C3D9ED2-426B-4493-ACD6-D4F6C34E3FEA}.Debug|Any CPU.Build.0 = Debug|Any CPU
		{6C3D9ED2-426B-4493-ACD6-D4F6C34E3FEA}.Debug|x64.ActiveCfg = Debug|Any CPU
		{6C3D9ED2-426B-4493-ACD6-D4F6C34E3FEA}.Debug|x64.Build.0 = Debug|Any CPU
		{6C3D9ED2-426B-4493-ACD6-D4F6C34E3FEA}.Debug|x86.ActiveCfg = Debug|Any CPU
		{6C3D9ED2-426B-4493-ACD6-D4F6C34E3FEA}.Debug|x86.Build.0 = Debug|Any CPU
		{6C3D9ED2-426B-4493-ACD6-D4F6C34E3FEA}.Release|Any CPU.ActiveCfg = Release|Any CPU
		{6C3D9ED2-426B-4493-ACD6-D4F6C34E3FEA}.Release|Any CPU.Build.0 = Release|Any CPU
		{6C3D9ED2-426B-4493-ACD6-D4F6C34E3FEA}.Release|x64.ActiveCfg = Release|Any CPU
		{6C3D9ED2-426B-4493-ACD6-D4F6C34E3FEA}.Release|x64.Build.0 = Release|Any CPU
		{6C3D9ED2-426B-4493-ACD6-D4F6C34E3FEA}.Release|x86.ActiveCfg = Release|Any CPU
		{6C3D9ED2-426B-4493-ACD6-D4F6C34E3FEA}.Release|x86.Build.0 = Release|Any CPU
	EndGlobalSection
EndGlobal
